
Microsoft Visual Studio Solution File, Format Version 12.00
# Visual Studio Version 17
VisualStudioVersion = 17.13.35931.197
MinimumVisualStudioVersion = 10.0.40219.1
Project("{2150E333-8FDC-42A3-9474-1A3956D46DE8}") = "Services", "Services", "{02EA681E-C7D8-13C7-8484-4AC65E1B71E8}"
EndProject
Project("{2150E333-8FDC-42A3-9474-1A3956D46DE8}") = "Catalog", "Catalog", "{2EBA5564-7F2B-423F-A3C0-7F6AEAF05FFE}"
EndProject
Project("{FAE04EC0-301F-11D3-BF4B-00C04F79EFBC}") = "Catalog.Api", "Services\Catalog\Catalog.Api\Catalog.Api.csproj", "{33FC5A32-CDDC-EE43-9CA6-483EA2BFBE99}"
EndProject
Project("{2150E333-8FDC-42A3-9474-1A3956D46DE8}") = "BuildingBlocks", "BuildingBlocks", "{6B6F276A-3EB3-407B-82AB-C6DA105FEC84}"
EndProject
Project("{FAE04EC0-301F-11D3-BF4B-00C04F79EFBC}") = "BuildingBlocks", "BuildingBlocks\BuildingBlocks\BuildingBlocks.csproj", "{D7D6A483-2D84-4E1C-902D-F97D38630E44}"
EndProject
Project("{E53339B2-1760-4266-BCC7-CA923CBCF16C}") = "docker-compose", "docker-compose.dcproj", "{81DDED9D-158B-E303-5F62-77A2896D2A5A}"
EndProject
Project("{2150E333-8FDC-42A3-9474-1A3956D46DE8}") = "Basket", "Basket", "{3FEDB8A7-1DEC-495E-957B-68C8D4AB5E14}"
EndProject
Project("{FAE04EC0-301F-11D3-BF4B-00C04F79EFBC}") = "Basket.Api", "Services\Basket\Basket.Api\Basket.Api.csproj", "{E777977E-7ECE-4409-8DF9-E10764EE9291}"
EndProject
Project("{2150E333-8FDC-42A3-9474-1A3956D46DE8}") = "Discount", "Discount", "{318843B1-ABAB-4697-B9DD-0F664BFAEBE9}"
EndProject
Project("{FAE04EC0-301F-11D3-BF4B-00C04F79EFBC}") = "Discount.Grpc", "Services\Discount\Discount.Grpc\Discount.Grpc.csproj", "{0F652A1B-D655-4BF3-9AD2-A98B738377F4}"
EndProject
Project("{2150E333-8FDC-42A3-9474-1A3956D46DE8}") = "Ordering", "Ordering", "{CA981D09-E28E-471E-9591-E4CB367B1DF7}"
EndProject
Project("{FAE04EC0-301F-11D3-BF4B-00C04F79EFBC}") = "Ordering.Api", "Services\Ordering\Ordering.Api\Ordering.Api.csproj", "{94460458-D85F-4D30-BF7C-643058637DFC}"
EndProject
Project("{FAE04EC0-301F-11D3-BF4B-00C04F79EFBC}") = "Ordering.Domain", "Services\Ordering\Ordering.Domain\Ordering.Domain.csproj", "{CCEB37B3-2747-4C00-BF4C-9AB179D722CE}"
EndProject
Project("{FAE04EC0-301F-11D3-BF4B-00C04F79EFBC}") = "Ordering.Application", "Services\Ordering\Ordering.Application\Ordering.Application.csproj", "{AFC9C9B5-2201-4324-BE03-81760CA9E2BF}"
EndProject
Project("{FAE04EC0-301F-11D3-BF4B-00C04F79EFBC}") = "Ordering.Infrastructure", "Services\Ordering\Ordering.Infrastructure\Ordering.Infrastructure.csproj", "{9B5F9307-A60F-427B-A0DC-2F6829303C15}"
EndProject
Global
	GlobalSection(SolutionConfigurationPlatforms) = preSolution
		Debug|Any CPU = Debug|Any CPU
		Release|Any CPU = Release|Any CPU
	EndGlobalSection
	GlobalSection(ProjectConfigurationPlatforms) = postSolution
		{33FC5A32-CDDC-EE43-9CA6-483EA2BFBE99}.Debug|Any CPU.ActiveCfg = Debug|Any CPU
		{33FC5A32-CDDC-EE43-9CA6-483EA2BFBE99}.Debug|Any CPU.Build.0 = Debug|Any CPU
		{33FC5A32-CDDC-EE43-9CA6-483EA2BFBE99}.Release|Any CPU.ActiveCfg = Release|Any CPU
		{33FC5A32-CDDC-EE43-9CA6-483EA2BFBE99}.Release|Any CPU.Build.0 = Release|Any CPU
		{D7D6A483-2D84-4E1C-902D-F97D38630E44}.Debug|Any CPU.ActiveCfg = Debug|Any CPU
		{D7D6A483-2D84-4E1C-902D-F97D38630E44}.Debug|Any CPU.Build.0 = Debug|Any CPU
		{D7D6A483-2D84-4E1C-902D-F97D38630E44}.Release|Any CPU.ActiveCfg = Release|Any CPU
		{D7D6A483-2D84-4E1C-902D-F97D38630E44}.Release|Any CPU.Build.0 = Release|Any CPU
		{81DDED9D-158B-E303-5F62-77A2896D2A5A}.Debug|Any CPU.ActiveCfg = Debug|Any CPU
		{81DDED9D-158B-E303-5F62-77A2896D2A5A}.Debug|Any CPU.Build.0 = Debug|Any CPU
		{81DDED9D-158B-E303-5F62-77A2896D2A5A}.Release|Any CPU.ActiveCfg = Release|Any CPU
		{81DDED9D-158B-E303-5F62-77A2896D2A5A}.Release|Any CPU.Build.0 = Release|Any CPU
		{E777977E-7ECE-4409-8DF9-E10764EE9291}.Debug|Any CPU.ActiveCfg = Debug|Any CPU
		{E777977E-7ECE-4409-8DF9-E10764EE9291}.Debug|Any CPU.Build.0 = Debug|Any CPU
		{E777977E-7ECE-4409-8DF9-E10764EE9291}.Release|Any CPU.ActiveCfg = Release|Any CPU
		{E777977E-7ECE-4409-8DF9-E10764EE9291}.Release|Any CPU.Build.0 = Release|Any CPU
		{0F652A1B-D655-4BF3-9AD2-A98B738377F4}.Debug|Any CPU.ActiveCfg = Debug|Any CPU
		{0F652A1B-D655-4BF3-9AD2-A98B738377F4}.Debug|Any CPU.Build.0 = Debug|Any CPU
		{0F652A1B-D655-4BF3-9AD2-A98B738377F4}.Release|Any CPU.ActiveCfg = Release|Any CPU
		{0F652A1B-D655-4BF3-9AD2-A98B738377F4}.Release|Any CPU.Build.0 = Release|Any CPU
		{94460458-D85F-4D30-BF7C-643058637DFC}.Debug|Any CPU.ActiveCfg = Debug|Any CPU
		{94460458-D85F-4D30-BF7C-643058637DFC}.Debug|Any CPU.Build.0 = Debug|Any CPU
		{94460458-D85F-4D30-BF7C-643058637DFC}.Release|Any CPU.ActiveCfg = Release|Any CPU
		{94460458-D85F-4D30-BF7C-643058637DFC}.Release|Any CPU.Build.0 = Release|Any CPU
		{CCEB37B3-2747-4C00-BF4C-9AB179D722CE}.Debug|Any CPU.ActiveCfg = Debug|Any CPU
		{CCEB37B3-2747-4C00-BF4C-9AB179D722CE}.Debug|Any CPU.Build.0 = Debug|Any CPU
		{CCEB37B3-2747-4C00-BF4C-9AB179D722CE}.Release|Any CPU.ActiveCfg = Release|Any CPU
		{CCEB37B3-2747-4C00-BF4C-9AB179D722CE}.Release|Any CPU.Build.0 = Release|Any CPU
		{AFC9C9B5-2201-4324-BE03-81760CA9E2BF}.Debug|Any CPU.ActiveCfg = Debug|Any CPU
		{AFC9C9B5-2201-4324-BE03-81760CA9E2BF}.Debug|Any CPU.Build.0 = Debug|Any CPU
		{AFC9C9B5-2201-4324-BE03-81760CA9E2BF}.Release|Any CPU.ActiveCfg = Release|Any CPU
		{AFC9C9B5-2201-4324-BE03-81760CA9E2BF}.Release|Any CPU.Build.0 = Release|Any CPU
		{9B5F9307-A60F-427B-A0DC-2F6829303C15}.Debug|Any CPU.ActiveCfg = Debug|Any CPU
		{9B5F9307-A60F-427B-A0DC-2F6829303C15}.Debug|Any CPU.Build.0 = Debug|Any CPU
		{9B5F9307-A60F-427B-A0DC-2F6829303C15}.Release|Any CPU.ActiveCfg = Release|Any CPU
		{9B5F9307-A60F-427B-A0DC-2F6829303C15}.Release|Any CPU.Build.0 = Release|Any CPU
	EndGlobalSection
	GlobalSection(SolutionProperties) = preSolution
		HideSolutionNode = FALSE
	EndGlobalSection
	GlobalSection(NestedProjects) = preSolution
		{2EBA5564-7F2B-423F-A3C0-7F6AEAF05FFE} = {02EA681E-C7D8-13C7-8484-4AC65E1B71E8}
		{33FC5A32-CDDC-EE43-9CA6-483EA2BFBE99} = {2EBA5564-7F2B-423F-A3C0-7F6AEAF05FFE}
		{D7D6A483-2D84-4E1C-902D-F97D38630E44} = {6B6F276A-3EB3-407B-82AB-C6DA105FEC84}
		{3FEDB8A7-1DEC-495E-957B-68C8D4AB5E14} = {02EA681E-C7D8-13C7-8484-4AC65E1B71E8}
		{E777977E-7ECE-4409-8DF9-E10764EE9291} = {3FEDB8A7-1DEC-495E-957B-68C8D4AB5E14}
		{318843B1-ABAB-4697-B9DD-0F664BFAEBE9} = {02EA681E-C7D8-13C7-8484-4AC65E1B71E8}
		{0F652A1B-D655-4BF3-9AD2-A98B738377F4} = {318843B1-ABAB-4697-B9DD-0F664BFAEBE9}
		{CA981D09-E28E-471E-9591-E4CB367B1DF7} = {02EA681E-C7D8-13C7-8484-4AC65E1B71E8}
		{94460458-D85F-4D30-BF7C-643058637DFC} = {CA981D09-E28E-471E-9591-E4CB367B1DF7}
		{CCEB37B3-2747-4C00-BF4C-9AB179D722CE} = {CA981D09-E28E-471E-9591-E4CB367B1DF7}
		{AFC9C9B5-2201-4324-BE03-81760CA9E2BF} = {CA981D09-E28E-471E-9591-E4CB367B1DF7}
		{9B5F9307-A60F-427B-A0DC-2F6829303C15} = {CA981D09-E28E-471E-9591-E4CB367B1DF7}
	EndGlobalSection
	GlobalSection(ExtensibilityGlobals) = postSolution
		SolutionGuid = {1CA94336-D97D-4751-ADBD-819ACA3F08D6}
	EndGlobalSection
EndGlobal
